
Microsoft Visual Studio Solution File, Format Version 12.00
# Visual Studio 14
VisualStudioVersion = 14.0.24720.0
MinimumVisualStudioVersion = 10.0.40219.1
Project("{FAE04EC0-301F-11D3-BF4B-00C04F79EFBC}") = "Virtuoso", "Xylobot\Virtuoso.csproj", "{A2A2CF62-536C-448B-B401-CEAF5E932C3E}"
EndProject
Project("{FAE04EC0-301F-11D3-BF4B-00C04F79EFBC}") = "Framework", "Framework\Framework.csproj", "{804C47CE-B263-4132-86B5-B007C890A898}"
EndProject
Project("{FAE04EC0-301F-11D3-BF4B-00C04F79EFBC}") = "LibVirtuoso", "LibXylobot\LibVirtuoso.csproj", "{DCDCE5EA-07EE-4375-AEDA-5803D8CE35E6}"
EndProject
Global
	GlobalSection(SolutionConfigurationPlatforms) = preSolution
		Debug|Any CPU = Debug|Any CPU
		Release|Any CPU = Release|Any CPU
	EndGlobalSection
	GlobalSection(ProjectConfigurationPlatforms) = postSolution
		{A2A2CF62-536C-448B-B401-CEAF5E932C3E}.Debug|Any CPU.ActiveCfg = Debug|Any CPU
		{A2A2CF62-536C-448B-B401-CEAF5E932C3E}.Debug|Any CPU.Build.0 = Debug|Any CPU
		{A2A2CF62-536C-448B-B401-CEAF5E932C3E}.Release|Any CPU.ActiveCfg = Release|Any CPU
		{A2A2CF62-536C-448B-B401-CEAF5E932C3E}.Release|Any CPU.Build.0 = Release|Any CPU
		{804C47CE-B263-4132-86B5-B007C890A898}.Debug|Any CPU.ActiveCfg = Debug|Any CPU
		{804C47CE-B263-4132-86B5-B007C890A898}.Debug|Any CPU.Build.0 = Debug|Any CPU
		{804C47CE-B263-4132-86B5-B007C890A898}.Release|Any CPU.ActiveCfg = Release|Any CPU
		{804C47CE-B263-4132-86B5-B007C890A898}.Release|Any CPU.Build.0 = Release|Any CPU
		{DCDCE5EA-07EE-4375-AEDA-5803D8CE35E6}.Debug|Any CPU.ActiveCfg = Debug|Any CPU
		{DCDCE5EA-07EE-4375-AEDA-5803D8CE35E6}.Debug|Any CPU.Build.0 = Debug|Any CPU
		{DCDCE5EA-07EE-4375-AEDA-5803D8CE35E6}.Release|Any CPU.ActiveCfg = Release|Any CPU
		{DCDCE5EA-07EE-4375-AEDA-5803D8CE35E6}.Release|Any CPU.Build.0 = Release|Any CPU
	EndGlobalSection
	GlobalSection(SolutionProperties) = preSolution
		HideSolutionNode = FALSE
	EndGlobalSection
EndGlobal
